// !$*UTF8*$!
{
	archiveVersion = 1;
	classes = {
	};
	objectVersion = 56;
	objects = {

/* Begin PBXBuildFile section */
		782D78C829D3314000F754CE /* FlashcardZenApp.swift in Sources */ = {isa = PBXBuildFile; fileRef = 782D78C729D3314000F754CE /* FlashcardZenApp.swift */; };
		782D78CA29D3314000F754CE /* ContentView.swift in Sources */ = {isa = PBXBuildFile; fileRef = 782D78C929D3314000F754CE /* ContentView.swift */; };
		782D78CC29D3314100F754CE /* Assets.xcassets in Resources */ = {isa = PBXBuildFile; fileRef = 782D78CB29D3314100F754CE /* Assets.xcassets */; };
		782D78D029D3314100F754CE /* Preview Assets.xcassets in Resources */ = {isa = PBXBuildFile; fileRef = 782D78CF29D3314100F754CE /* Preview Assets.xcassets */; };
		7834D2F829D34291007AE58C /* TextToSpeech+SpeechDelegate.swift in Sources */ = {isa = PBXBuildFile; fileRef = 7834D2F729D34291007AE58C /* TextToSpeech+SpeechDelegate.swift */; };
		7834D2FA29D35990007AE58C /* ContentViewModel.swift in Sources */ = {isa = PBXBuildFile; fileRef = 7834D2F929D35990007AE58C /* ContentViewModel.swift */; };
		7834D2FC29D364D6007AE58C /* Player.swift in Sources */ = {isa = PBXBuildFile; fileRef = 7834D2FB29D364D6007AE58C /* Player.swift */; };
		7834D2FE29D368F3007AE58C /* TextToSpeech+Controls.swift in Sources */ = {isa = PBXBuildFile; fileRef = 7834D2FD29D368F3007AE58C /* TextToSpeech+Controls.swift */; };
		7834D30229D36A79007AE58C /* Flashcards.swift in Sources */ = {isa = PBXBuildFile; fileRef = 7834D30129D36A79007AE58C /* Flashcards.swift */; };
		7834D30529D36AC1007AE58C /* Store.swift in Sources */ = {isa = PBXBuildFile; fileRef = 7834D30429D36AC1007AE58C /* Store.swift */; };
		7834D30829D3768A007AE58C /* Color+Extension.swift in Sources */ = {isa = PBXBuildFile; fileRef = 7834D30729D3768A007AE58C /* Color+Extension.swift */; };
		783D683D29D33F2D003A2EDC /* TextToSpeech.swift in Sources */ = {isa = PBXBuildFile; fileRef = 783D683C29D33F2D003A2EDC /* TextToSpeech.swift */; };
/* End PBXBuildFile section */

/* Begin PBXFileReference section */
		782D78C429D3314000F754CE /* FlashcardZen.app */ = {isa = PBXFileReference; explicitFileType = wrapper.application; includeInIndex = 0; path = FlashcardZen.app; sourceTree = BUILT_PRODUCTS_DIR; };
		782D78C729D3314000F754CE /* FlashcardZenApp.swift */ = {isa = PBXFileReference; lastKnownFileType = sourcecode.swift; path = FlashcardZenApp.swift; sourceTree = "<group>"; };
		782D78C929D3314000F754CE /* ContentView.swift */ = {isa = PBXFileReference; lastKnownFileType = sourcecode.swift; path = ContentView.swift; sourceTree = "<group>"; };
		782D78CB29D3314100F754CE /* Assets.xcassets */ = {isa = PBXFileReference; lastKnownFileType = folder.assetcatalog; path = Assets.xcassets; sourceTree = "<group>"; };
		782D78CD29D3314100F754CE /* FlashcardZen.entitlements */ = {isa = PBXFileReference; lastKnownFileType = text.plist.entitlements; path = FlashcardZen.entitlements; sourceTree = "<group>"; };
		782D78CF29D3314100F754CE /* Preview Assets.xcassets */ = {isa = PBXFileReference; lastKnownFileType = folder.assetcatalog; path = "Preview Assets.xcassets"; sourceTree = "<group>"; };
		7834D2F729D34291007AE58C /* TextToSpeech+SpeechDelegate.swift */ = {isa = PBXFileReference; lastKnownFileType = sourcecode.swift; path = "TextToSpeech+SpeechDelegate.swift"; sourceTree = "<group>"; };
		7834D2F929D35990007AE58C /* ContentViewModel.swift */ = {isa = PBXFileReference; lastKnownFileType = sourcecode.swift; path = ContentViewModel.swift; sourceTree = "<group>"; };
		7834D2FB29D364D6007AE58C /* Player.swift */ = {isa = PBXFileReference; lastKnownFileType = sourcecode.swift; path = Player.swift; sourceTree = "<group>"; };
		7834D2FD29D368F3007AE58C /* TextToSpeech+Controls.swift */ = {isa = PBXFileReference; lastKnownFileType = sourcecode.swift; path = "TextToSpeech+Controls.swift"; sourceTree = "<group>"; };
		7834D30129D36A79007AE58C /* Flashcards.swift */ = {isa = PBXFileReference; lastKnownFileType = sourcecode.swift; path = Flashcards.swift; sourceTree = "<group>"; };
		7834D30429D36AC1007AE58C /* Store.swift */ = {isa = PBXFileReference; lastKnownFileType = sourcecode.swift; path = Store.swift; sourceTree = "<group>"; };
		7834D30729D3768A007AE58C /* Color+Extension.swift */ = {isa = PBXFileReference; lastKnownFileType = sourcecode.swift; path = "Color+Extension.swift"; sourceTree = "<group>"; };
		783D683C29D33F2D003A2EDC /* TextToSpeech.swift */ = {isa = PBXFileReference; lastKnownFileType = sourcecode.swift; path = TextToSpeech.swift; sourceTree = "<group>"; };
/* End PBXFileReference section */

/* Begin PBXFrameworksBuildPhase section */
		782D78C129D3314000F754CE /* Frameworks */ = {
			isa = PBXFrameworksBuildPhase;
			buildActionMask = 2147483647;
			files = (
			);
			runOnlyForDeploymentPostprocessing = 0;
		};
/* End PBXFrameworksBuildPhase section */

/* Begin PBXGroup section */
		782D78BB29D3314000F754CE = {
			isa = PBXGroup;
			children = (
				782D78C629D3314000F754CE /* FlashcardZen */,
				782D78C529D3314000F754CE /* Products */,
			);
			sourceTree = "<group>";
		};
		782D78C529D3314000F754CE /* Products */ = {
			isa = PBXGroup;
			children = (
				782D78C429D3314000F754CE /* FlashcardZen.app */,
			);
			name = Products;
			sourceTree = "<group>";
		};
		782D78C629D3314000F754CE /* FlashcardZen */ = {
			isa = PBXGroup;
			children = (
				7834D30629D37670007AE58C /* Helpers */,
				7834D30329D36AAC007AE58C /* Data */,
				7834D30029D36A6D007AE58C /* Models */,
				782D78D829D3335E00F754CE /* Services */,
				782D78D729D3335400F754CE /* ViewModels */,
				782D78D629D3334E00F754CE /* Views */,
				782D78C729D3314000F754CE /* FlashcardZenApp.swift */,
				7834D2F929D35990007AE58C /* ContentViewModel.swift */,
				782D78C929D3314000F754CE /* ContentView.swift */,
				782D78CB29D3314100F754CE /* Assets.xcassets */,
				782D78CD29D3314100F754CE /* FlashcardZen.entitlements */,
				782D78CE29D3314100F754CE /* Preview Content */,
			);
			path = FlashcardZen;
			sourceTree = "<group>";
		};
		782D78CE29D3314100F754CE /* Preview Content */ = {
			isa = PBXGroup;
			children = (
				782D78CF29D3314100F754CE /* Preview Assets.xcassets */,
			);
			path = "Preview Content";
			sourceTree = "<group>";
		};
		782D78D629D3334E00F754CE /* Views */ = {
			isa = PBXGroup;
			children = (
			);
			path = Views;
			sourceTree = "<group>";
		};
		782D78D729D3335400F754CE /* ViewModels */ = {
			isa = PBXGroup;
			children = (
			);
			path = ViewModels;
			sourceTree = "<group>";
		};
		782D78D829D3335E00F754CE /* Services */ = {
			isa = PBXGroup;
			children = (
				7834D2FF29D368F9007AE58C /* TextToSpeech */,
				7834D2FB29D364D6007AE58C /* Player.swift */,
			);
			path = Services;
			sourceTree = "<group>";
		};
		7834D2FF29D368F9007AE58C /* TextToSpeech */ = {
			isa = PBXGroup;
			children = (
				783D683C29D33F2D003A2EDC /* TextToSpeech.swift */,
				7834D2F729D34291007AE58C /* TextToSpeech+SpeechDelegate.swift */,
				7834D2FD29D368F3007AE58C /* TextToSpeech+Controls.swift */,
			);
			path = TextToSpeech;
			sourceTree = "<group>";
		};
		7834D30029D36A6D007AE58C /* Models */ = {
			isa = PBXGroup;
			children = (
				7834D30129D36A79007AE58C /* Flashcards.swift */,
			);
			path = Models;
			sourceTree = "<group>";
		};
		7834D30329D36AAC007AE58C /* Data */ = {
			isa = PBXGroup;
			children = (
				7834D30429D36AC1007AE58C /* Store.swift */,
			);
			path = Data;
			sourceTree = "<group>";
		};
		7834D30629D37670007AE58C /* Helpers */ = {
			isa = PBXGroup;
			children = (
				7834D30729D3768A007AE58C /* Color+Extension.swift */,
			);
			path = Helpers;
			sourceTree = "<group>";
		};
/* End PBXGroup section */

/* Begin PBXNativeTarget section */
		782D78C329D3314000F754CE /* FlashcardZen */ = {
			isa = PBXNativeTarget;
			buildConfigurationList = 782D78D329D3314100F754CE /* Build configuration list for PBXNativeTarget "FlashcardZen" */;
			buildPhases = (
				782D78C029D3314000F754CE /* Sources */,
				782D78C129D3314000F754CE /* Frameworks */,
				782D78C229D3314000F754CE /* Resources */,
			);
			buildRules = (
			);
			dependencies = (
			);
			name = FlashcardZen;
			productName = FlashcardZen;
			productReference = 782D78C429D3314000F754CE /* FlashcardZen.app */;
			productType = "com.apple.product-type.application";
		};
/* End PBXNativeTarget section */

/* Begin PBXProject section */
		782D78BC29D3314000F754CE /* Project object */ = {
			isa = PBXProject;
			attributes = {
				BuildIndependentTargetsInParallel = 1;
				LastSwiftUpdateCheck = 1420;
				LastUpgradeCheck = 1420;
				TargetAttributes = {
					782D78C329D3314000F754CE = {
						CreatedOnToolsVersion = 14.2;
					};
				};
			};
			buildConfigurationList = 782D78BF29D3314000F754CE /* Build configuration list for PBXProject "FlashcardZen" */;
			compatibilityVersion = "Xcode 14.0";
			developmentRegion = en;
			hasScannedForEncodings = 0;
			knownRegions = (
				en,
				Base,
			);
			mainGroup = 782D78BB29D3314000F754CE;
			productRefGroup = 782D78C529D3314000F754CE /* Products */;
			projectDirPath = "";
			projectRoot = "";
			targets = (
				782D78C329D3314000F754CE /* FlashcardZen */,
			);
		};
/* End PBXProject section */

/* Begin PBXResourcesBuildPhase section */
		782D78C229D3314000F754CE /* Resources */ = {
			isa = PBXResourcesBuildPhase;
			buildActionMask = 2147483647;
			files = (
				782D78D029D3314100F754CE /* Preview Assets.xcassets in Resources */,
				782D78CC29D3314100F754CE /* Assets.xcassets in Resources */,
			);
			runOnlyForDeploymentPostprocessing = 0;
		};
/* End PBXResourcesBuildPhase section */

/* Begin PBXSourcesBuildPhase section */
		782D78C029D3314000F754CE /* Sources */ = {
			isa = PBXSourcesBuildPhase;
			buildActionMask = 2147483647;
			files = (
				783D683D29D33F2D003A2EDC /* TextToSpeech.swift in Sources */,
				782D78CA29D3314000F754CE /* ContentView.swift in Sources */,
				7834D2F829D34291007AE58C /* TextToSpeech+SpeechDelegate.swift in Sources */,
				782D78C829D3314000F754CE /* FlashcardZenApp.swift in Sources */,
				7834D2FE29D368F3007AE58C /* TextToSpeech+Controls.swift in Sources */,
				7834D30829D3768A007AE58C /* Color+Extension.swift in Sources */,
				7834D2FC29D364D6007AE58C /* Player.swift in Sources */,
				7834D30529D36AC1007AE58C /* Store.swift in Sources */,
				7834D30229D36A79007AE58C /* Flashcards.swift in Sources */,
				7834D2FA29D35990007AE58C /* ContentViewModel.swift in Sources */,
			);
			runOnlyForDeploymentPostprocessing = 0;
		};
/* End PBXSourcesBuildPhase section */

/* Begin XCBuildConfiguration section */
		782D78D129D3314100F754CE /* Debug */ = {
			isa = XCBuildConfiguration;
			buildSettings = {
				ALWAYS_SEARCH_USER_PATHS = NO;
				CLANG_ANALYZER_NONNULL = YES;
				CLANG_ANALYZER_NUMBER_OBJECT_CONVERSION = YES_AGGRESSIVE;
				CLANG_CXX_LANGUAGE_STANDARD = "gnu++20";
				CLANG_ENABLE_MODULES = YES;
				CLANG_ENABLE_OBJC_ARC = YES;
				CLANG_ENABLE_OBJC_WEAK = YES;
				CLANG_WARN_BLOCK_CAPTURE_AUTORELEASING = YES;
				CLANG_WARN_BOOL_CONVERSION = YES;
				CLANG_WARN_COMMA = YES;
				CLANG_WARN_CONSTANT_CONVERSION = YES;
				CLANG_WARN_DEPRECATED_OBJC_IMPLEMENTATIONS = YES;
				CLANG_WARN_DIRECT_OBJC_ISA_USAGE = YES_ERROR;
				CLANG_WARN_DOCUMENTATION_COMMENTS = YES;
				CLANG_WARN_EMPTY_BODY = YES;
				CLANG_WARN_ENUM_CONVERSION = YES;
				CLANG_WARN_INFINITE_RECURSION = YES;
				CLANG_WARN_INT_CONVERSION = YES;
				CLANG_WARN_NON_LITERAL_NULL_CONVERSION = YES;
				CLANG_WARN_OBJC_IMPLICIT_RETAIN_SELF = YES;
				CLANG_WARN_OBJC_LITERAL_CONVERSION = YES;
				CLANG_WARN_OBJC_ROOT_CLASS = YES_ERROR;
				CLANG_WARN_QUOTED_INCLUDE_IN_FRAMEWORK_HEADER = YES;
				CLANG_WARN_RANGE_LOOP_ANALYSIS = YES;
				CLANG_WARN_STRICT_PROTOTYPES = YES;
				CLANG_WARN_SUSPICIOUS_MOVE = YES;
				CLANG_WARN_UNGUARDED_AVAILABILITY = YES_AGGRESSIVE;
				CLANG_WARN_UNREACHABLE_CODE = YES;
				CLANG_WARN__DUPLICATE_METHOD_MATCH = YES;
				COPY_PHASE_STRIP = NO;
				DEBUG_INFORMATION_FORMAT = dwarf;
				ENABLE_STRICT_OBJC_MSGSEND = YES;
				ENABLE_TESTABILITY = YES;
				GCC_C_LANGUAGE_STANDARD = gnu11;
				GCC_DYNAMIC_NO_PIC = NO;
				GCC_NO_COMMON_BLOCKS = YES;
				GCC_OPTIMIZATION_LEVEL = 0;
				GCC_PREPROCESSOR_DEFINITIONS = (
					"DEBUG=1",
					"$(inherited)",
				);
				GCC_WARN_64_TO_32_BIT_CONVERSION = YES;
				GCC_WARN_ABOUT_RETURN_TYPE = YES_ERROR;
				GCC_WARN_UNDECLARED_SELECTOR = YES;
				GCC_WARN_UNINITIALIZED_AUTOS = YES_AGGRESSIVE;
				GCC_WARN_UNUSED_FUNCTION = YES;
				GCC_WARN_UNUSED_VARIABLE = YES;
				MTL_ENABLE_DEBUG_INFO = INCLUDE_SOURCE;
				MTL_FAST_MATH = YES;
				ONLY_ACTIVE_ARCH = YES;
				SWIFT_ACTIVE_COMPILATION_CONDITIONS = DEBUG;
				SWIFT_OPTIMIZATION_LEVEL = "-Onone";
			};
			name = Debug;
		};
		782D78D229D3314100F754CE /* Release */ = {
			isa = XCBuildConfiguration;
			buildSettings = {
				ALWAYS_SEARCH_USER_PATHS = NO;
				CLANG_ANALYZER_NONNULL = YES;
				CLANG_ANALYZER_NUMBER_OBJECT_CONVERSION = YES_AGGRESSIVE;
				CLANG_CXX_LANGUAGE_STANDARD = "gnu++20";
				CLANG_ENABLE_MODULES = YES;
				CLANG_ENABLE_OBJC_ARC = YES;
				CLANG_ENABLE_OBJC_WEAK = YES;
				CLANG_WARN_BLOCK_CAPTURE_AUTORELEASING = YES;
				CLANG_WARN_BOOL_CONVERSION = YES;
				CLANG_WARN_COMMA = YES;
				CLANG_WARN_CONSTANT_CONVERSION = YES;
				CLANG_WARN_DEPRECATED_OBJC_IMPLEMENTATIONS = YES;
				CLANG_WARN_DIRECT_OBJC_ISA_USAGE = YES_ERROR;
				CLANG_WARN_DOCUMENTATION_COMMENTS = YES;
				CLANG_WARN_EMPTY_BODY = YES;
				CLANG_WARN_ENUM_CONVERSION = YES;
				CLANG_WARN_INFINITE_RECURSION = YES;
				CLANG_WARN_INT_CONVERSION = YES;
				CLANG_WARN_NON_LITERAL_NULL_CONVERSION = YES;
				CLANG_WARN_OBJC_IMPLICIT_RETAIN_SELF = YES;
				CLANG_WARN_OBJC_LITERAL_CONVERSION = YES;
				CLANG_WARN_OBJC_ROOT_CLASS = YES_ERROR;
				CLANG_WARN_QUOTED_INCLUDE_IN_FRAMEWORK_HEADER = YES;
				CLANG_WARN_RANGE_LOOP_ANALYSIS = YES;
				CLANG_WARN_STRICT_PROTOTYPES = YES;
				CLANG_WARN_SUSPICIOUS_MOVE = YES;
				CLANG_WARN_UNGUARDED_AVAILABILITY = YES_AGGRESSIVE;
				CLANG_WARN_UNREACHABLE_CODE = YES;
				CLANG_WARN__DUPLICATE_METHOD_MATCH = YES;
				COPY_PHASE_STRIP = NO;
				DEBUG_INFORMATION_FORMAT = "dwarf-with-dsym";
				ENABLE_NS_ASSERTIONS = NO;
				ENABLE_STRICT_OBJC_MSGSEND = YES;
				GCC_C_LANGUAGE_STANDARD = gnu11;
				GCC_NO_COMMON_BLOCKS = YES;
				GCC_WARN_64_TO_32_BIT_CONVERSION = YES;
				GCC_WARN_ABOUT_RETURN_TYPE = YES_ERROR;
				GCC_WARN_UNDECLARED_SELECTOR = YES;
				GCC_WARN_UNINITIALIZED_AUTOS = YES_AGGRESSIVE;
				GCC_WARN_UNUSED_FUNCTION = YES;
				GCC_WARN_UNUSED_VARIABLE = YES;
				MTL_ENABLE_DEBUG_INFO = NO;
				MTL_FAST_MATH = YES;
				SWIFT_COMPILATION_MODE = wholemodule;
				SWIFT_OPTIMIZATION_LEVEL = "-O";
			};
			name = Release;
		};
		782D78D429D3314100F754CE /* Debug */ = {
			isa = XCBuildConfiguration;
			buildSettings = {
				ASSETCATALOG_COMPILER_APPICON_NAME = AppIcon;
				ASSETCATALOG_COMPILER_GLOBAL_ACCENT_COLOR_NAME = AccentColor;
				CODE_SIGN_ENTITLEMENTS = FlashcardZen/FlashcardZen.entitlements;
				CODE_SIGN_STYLE = Automatic;
				CURRENT_PROJECT_VERSION = 1;
				DEVELOPMENT_ASSET_PATHS = "\"FlashcardZen/Preview Content\"";
				DEVELOPMENT_TEAM = 4P324MFAWB;
				ENABLE_PREVIEWS = YES;
				GENERATE_INFOPLIST_FILE = YES;
				"INFOPLIST_KEY_UIApplicationSceneManifest_Generation[sdk=iphoneos*]" = YES;
				"INFOPLIST_KEY_UIApplicationSceneManifest_Generation[sdk=iphonesimulator*]" = YES;
				"INFOPLIST_KEY_UIApplicationSupportsIndirectInputEvents[sdk=iphoneos*]" = YES;
				"INFOPLIST_KEY_UIApplicationSupportsIndirectInputEvents[sdk=iphonesimulator*]" = YES;
				"INFOPLIST_KEY_UILaunchScreen_Generation[sdk=iphoneos*]" = YES;
				"INFOPLIST_KEY_UILaunchScreen_Generation[sdk=iphonesimulator*]" = YES;
				"INFOPLIST_KEY_UIStatusBarStyle[sdk=iphoneos*]" = UIStatusBarStyleDefault;
				"INFOPLIST_KEY_UIStatusBarStyle[sdk=iphonesimulator*]" = UIStatusBarStyleDefault;
				INFOPLIST_KEY_UISupportedInterfaceOrientations = UIInterfaceOrientationPortrait;
				IPHONEOS_DEPLOYMENT_TARGET = 15.0;
				LD_RUNPATH_SEARCH_PATHS = "@executable_path/Frameworks";
				"LD_RUNPATH_SEARCH_PATHS[sdk=macosx*]" = "@executable_path/../Frameworks";
				MACOSX_DEPLOYMENT_TARGET = 13.1;
				MARKETING_VERSION = 1.0;
				PRODUCT_BUNDLE_IDENTIFIER = com.aniketsinghrawat.FlashcardZen;
				PRODUCT_NAME = "$(TARGET_NAME)";
				SDKROOT = auto;
				SUPPORTED_PLATFORMS = "iphoneos iphonesimulator";
				SUPPORTS_MACCATALYST = NO;
				SUPPORTS_MAC_DESIGNED_FOR_IPHONE_IPAD = NO;
				SWIFT_EMIT_LOC_STRINGS = YES;
				SWIFT_VERSION = 5.0;
				TARGETED_DEVICE_FAMILY = "1,2";
			};
			name = Debug;
		};
		782D78D529D3314100F754CE /* Release */ = {
			isa = XCBuildConfiguration;
			buildSettings = {
				ASSETCATALOG_COMPILER_APPICON_NAME = AppIcon;
				ASSETCATALOG_COMPILER_GLOBAL_ACCENT_COLOR_NAME = AccentColor;
				CODE_SIGN_ENTITLEMENTS = FlashcardZen/FlashcardZen.entitlements;
				CODE_SIGN_STYLE = Automatic;
				CURRENT_PROJECT_VERSION = 1;
				DEVELOPMENT_ASSET_PATHS = "\"FlashcardZen/Preview Content\"";
				DEVELOPMENT_TEAM = 4P324MFAWB;
				ENABLE_PREVIEWS = YES;
				GENERATE_INFOPLIST_FILE = YES;
				"INFOPLIST_KEY_UIApplicationSceneManifest_Generation[sdk=iphoneos*]" = YES;
				"INFOPLIST_KEY_UIApplicationSceneManifest_Generation[sdk=iphonesimulator*]" = YES;
				"INFOPLIST_KEY_UIApplicationSupportsIndirectInputEvents[sdk=iphoneos*]" = YES;
				"INFOPLIST_KEY_UIApplicationSupportsIndirectInputEvents[sdk=iphonesimulator*]" = YES;
				"INFOPLIST_KEY_UILaunchScreen_Generation[sdk=iphoneos*]" = YES;
				"INFOPLIST_KEY_UILaunchScreen_Generation[sdk=iphonesimulator*]" = YES;
				"INFOPLIST_KEY_UIStatusBarStyle[sdk=iphoneos*]" = UIStatusBarStyleDefault;
				"INFOPLIST_KEY_UIStatusBarStyle[sdk=iphonesimulator*]" = UIStatusBarStyleDefault;
				INFOPLIST_KEY_UISupportedInterfaceOrientations = UIInterfaceOrientationPortrait;
				IPHONEOS_DEPLOYMENT_TARGET = 15.0;
				LD_RUNPATH_SEARCH_PATHS = "@executable_path/Frameworks";
				"LD_RUNPATH_SEARCH_PATHS[sdk=macosx*]" = "@executable_path/../Frameworks";
				MACOSX_DEPLOYMENT_TARGET = 13.1;
				MARKETING_VERSION = 1.0;
				PRODUCT_BUNDLE_IDENTIFIER = com.aniketsinghrawat.FlashcardZen;
				PRODUCT_NAME = "$(TARGET_NAME)";
				SDKROOT = auto;
				SUPPORTED_PLATFORMS = "iphoneos iphonesimulator";
				SUPPORTS_MACCATALYST = NO;
				SUPPORTS_MAC_DESIGNED_FOR_IPHONE_IPAD = NO;
				SWIFT_EMIT_LOC_STRINGS = YES;
				SWIFT_VERSION = 5.0;
				TARGETED_DEVICE_FAMILY = "1,2";
			};
			name = Release;
		};
/* End XCBuildConfiguration section */

/* Begin XCConfigurationList section */
		782D78BF29D3314000F754CE /* Build configuration list for PBXProject "FlashcardZen" */ = {
			isa = XCConfigurationList;
			buildConfigurations = (
				782D78D129D3314100F754CE /* Debug */,
				782D78D229D3314100F754CE /* Release */,
			);
			defaultConfigurationIsVisible = 0;
			defaultConfigurationName = Release;
		};
		782D78D329D3314100F754CE /* Build configuration list for PBXNativeTarget "FlashcardZen" */ = {
			isa = XCConfigurationList;
			buildConfigurations = (
				782D78D429D3314100F754CE /* Debug */,
				782D78D529D3314100F754CE /* Release */,
			);
			defaultConfigurationIsVisible = 0;
			defaultConfigurationName = Release;
		};
/* End XCConfigurationList section */
	};
	rootObject = 782D78BC29D3314000F754CE /* Project object */;
}
